
Microsoft Visual Studio Solution File, Format Version 12.00
# Visual Studio 15
VisualStudioVersion = 15.0.28307.438
MinimumVisualStudioVersion = 10.0.40219.1
Project("{FAE04EC0-301F-11D3-BF4B-00C04F79EFBC}") = "ConsoleApp12", "ConsoleApp12\ConsoleApp12.csproj", "{639773C5-5723-45AA-94BC-09AFBD473543}"
EndProject
Project("{FAE04EC0-301F-11D3-BF4B-00C04F79EFBC}") = "ConsoleApp1", "ConsoleApp1\ConsoleApp1.csproj", "{D0363CAB-406B-489E-9E9B-16FAC9DE7878}"
EndProject
Global
	GlobalSection(SolutionConfigurationPlatforms) = preSolution
		Debug|Any CPU = Debug|Any CPU
		Release|Any CPU = Release|Any CPU
	EndGlobalSection
	GlobalSection(ProjectConfigurationPlatforms) = postSolution
		{639773C5-5723-45AA-94BC-09AFBD473543}.Debug|Any CPU.ActiveCfg = Debug|Any CPU
		{639773C5-5723-45AA-94BC-09AFBD473543}.Debug|Any CPU.Build.0 = Debug|Any CPU
		{639773C5-5723-45AA-94BC-09AFBD473543}.Release|Any CPU.ActiveCfg = Release|Any CPU
		{639773C5-5723-45AA-94BC-09AFBD473543}.Release|Any CPU.Build.0 = Release|Any CPU
		{D0363CAB-406B-489E-9E9B-16FAC9DE7878}.Debug|Any CPU.ActiveCfg = Debug|Any CPU
		{D0363CAB-406B-489E-9E9B-16FAC9DE7878}.Debug|Any CPU.Build.0 = Debug|Any CPU
		{D0363CAB-406B-489E-9E9B-16FAC9DE7878}.Release|Any CPU.ActiveCfg = Release|Any CPU
		{D0363CAB-406B-489E-9E9B-16FAC9DE7878}.Release|Any CPU.Build.0 = Release|Any CPU
	EndGlobalSection
	GlobalSection(SolutionProperties) = preSolution
		HideSolutionNode = FALSE
	EndGlobalSection
	GlobalSection(ExtensibilityGlobals) = postSolution
		SolutionGuid = {91329C9D-AE80-4A16-B154-80177CF6CBB0}
	EndGlobalSection
EndGlobal
